// !$*UTF8*$!
{
	archiveVersion = 1;
	classes = {
	};
	objectVersion = 50;
	objects = {

/* Begin PBXBuildFile section */
		E51289D221CE3F8700D96D93 /* Digraph.cpp in Sources */ = {isa = PBXBuildFile; fileRef = E51289D021CE3F8700D96D93 /* Digraph.cpp */; };
		E51289D521CE8B3E00D96D93 /* DirectedDFS.cpp in Sources */ = {isa = PBXBuildFile; fileRef = E51289D321CE8B3E00D96D93 /* DirectedDFS.cpp */; };
		E51289D821CE8EBE00D96D93 /* DFDirectedPath.cpp in Sources */ = {isa = PBXBuildFile; fileRef = E51289D621CE8EBE00D96D93 /* DFDirectedPath.cpp */; };
		E51289DB21CE92D600D96D93 /* BFDirectedPath.cpp in Sources */ = {isa = PBXBuildFile; fileRef = E51289D921CE92D600D96D93 /* BFDirectedPath.cpp */; };
		E51289DE21CE941B00D96D93 /* DirectedCycle.cpp in Sources */ = {isa = PBXBuildFile; fileRef = E51289DC21CE941B00D96D93 /* DirectedCycle.cpp */; };
		E51289E121D0C95400D96D93 /* DFOrder.cpp in Sources */ = {isa = PBXBuildFile; fileRef = E51289DF21D0C95400D96D93 /* DFOrder.cpp */; };
		E51289E421D0CC5A00D96D93 /* Topological.cpp in Sources */ = {isa = PBXBuildFile; fileRef = E51289E221D0CC5A00D96D93 /* Topological.cpp */; };
		E51289E721D0D5FB00D96D93 /* KosarajuSCC.cpp in Sources */ = {isa = PBXBuildFile; fileRef = E51289E521D0D5FB00D96D93 /* KosarajuSCC.cpp */; };
		E51289EA21D0E1C100D96D93 /* TransitiveClosure.cpp in Sources */ = {isa = PBXBuildFile; fileRef = E51289E821D0E1C100D96D93 /* TransitiveClosure.cpp */; };
		E51289F121D1F1F800D96D93 /* Edge.cpp in Sources */ = {isa = PBXBuildFile; fileRef = E51289EF21D1F1F800D96D93 /* Edge.cpp */; };
		E51289F421D2051200D96D93 /* EdgeWeightedGraph.cpp in Sources */ = {isa = PBXBuildFile; fileRef = E51289F221D2051200D96D93 /* EdgeWeightedGraph.cpp */; };
		E51289F721D2502100D96D93 /* LazyPrimMST.cpp in Sources */ = {isa = PBXBuildFile; fileRef = E51289F521D2502100D96D93 /* LazyPrimMST.cpp */; };
		E51289FA21D2503000D96D93 /* EagerPrimMST.cpp in Sources */ = {isa = PBXBuildFile; fileRef = E51289F821D2503000D96D93 /* EagerPrimMST.cpp */; };
		E51289FD21D2504700D96D93 /* KruskalPrimMST.cpp in Sources */ = {isa = PBXBuildFile; fileRef = E51289FB21D2504700D96D93 /* KruskalPrimMST.cpp */; };
		E5128A0021DCCA7500D96D93 /* DirectedEdge.cpp in Sources */ = {isa = PBXBuildFile; fileRef = E51289FE21DCCA7500D96D93 /* DirectedEdge.cpp */; };
		E5128A0321DCCA8400D96D93 /* EdgeWeightedDigraph.cpp in Sources */ = {isa = PBXBuildFile; fileRef = E5128A0121DCCA8400D96D93 /* EdgeWeightedDigraph.cpp */; };
		E5128A0621DCCA9700D96D93 /* DijkstraSP.cpp in Sources */ = {isa = PBXBuildFile; fileRef = E5128A0421DCCA9700D96D93 /* DijkstraSP.cpp */; };
		E5128A0921DCCAA400D96D93 /* DijkstraAllPairsSP.cpp in Sources */ = {isa = PBXBuildFile; fileRef = E5128A0721DCCAA400D96D93 /* DijkstraAllPairsSP.cpp */; };
		E5128A0C21DCCAB000D96D93 /* AcylicSP.cpp in Sources */ = {isa = PBXBuildFile; fileRef = E5128A0A21DCCAB000D96D93 /* AcylicSP.cpp */; };
		E5128A0F21DCCAB900D96D93 /* CPM.cpp in Sources */ = {isa = PBXBuildFile; fileRef = E5128A0D21DCCAB900D96D93 /* CPM.cpp */; };
		E5128A1221DCCAC500D96D93 /* BellmanFordSP.cpp in Sources */ = {isa = PBXBuildFile; fileRef = E5128A1021DCCAC500D96D93 /* BellmanFordSP.cpp */; };
		E5128A1521DCCAE100D96D93 /* Arbitrage.cpp in Sources */ = {isa = PBXBuildFile; fileRef = E5128A1321DCCAE100D96D93 /* Arbitrage.cpp */; };
		E5128A1821DCCAF600D96D93 /* AcyclicLP.cpp in Sources */ = {isa = PBXBuildFile; fileRef = E5128A1621DCCAF600D96D93 /* AcyclicLP.cpp */; };
		E5128A2121DCFE0700D96D93 /* TopologicalEDW.cpp in Sources */ = {isa = PBXBuildFile; fileRef = E5128A1F21DCFE0700D96D93 /* TopologicalEDW.cpp */; };
		E5128A2421DCFE7500D96D93 /* DirectedCycleEDW.cpp in Sources */ = {isa = PBXBuildFile; fileRef = E5128A2221DCFE7500D96D93 /* DirectedCycleEDW.cpp */; };
		E5128A2721DCFE8900D96D93 /* DFOrderEDW.cpp in Sources */ = {isa = PBXBuildFile; fileRef = E5128A2521DCFE8900D96D93 /* DFOrderEDW.cpp */; };
		E5128A3221E10B6700D96D93 /* Alphabet.cpp in Sources */ = {isa = PBXBuildFile; fileRef = E5128A3021E10B6700D96D93 /* Alphabet.cpp */; };
		E5128A3521E10B7500D96D93 /* LSD.cpp in Sources */ = {isa = PBXBuildFile; fileRef = E5128A3321E10B7500D96D93 /* LSD.cpp */; };
		E5128A3821E10B7E00D96D93 /* MSD.cpp in Sources */ = {isa = PBXBuildFile; fileRef = E5128A3621E10B7E00D96D93 /* MSD.cpp */; };
		E5128A3B21E10BA000D96D93 /* QuickSortString.cpp in Sources */ = {isa = PBXBuildFile; fileRef = E5128A3921E10BA000D96D93 /* QuickSortString.cpp */; };
		E5128A4F21E89F5000D96D93 /* BFSubString.cpp in Sources */ = {isa = PBXBuildFile; fileRef = E5128A4D21E89F5000D96D93 /* BFSubString.cpp */; };
		E5128A5221E89F5C00D96D93 /* KMPSubString.cpp in Sources */ = {isa = PBXBuildFile; fileRef = E5128A5021E89F5C00D96D93 /* KMPSubString.cpp */; };
		E5128A5521E89F6F00D96D93 /* BMSubString.cpp in Sources */ = {isa = PBXBuildFile; fileRef = E5128A5321E89F6F00D96D93 /* BMSubString.cpp */; };
		E5128A5821E8A9D000D96D93 /* ABFSubString.cpp in Sources */ = {isa = PBXBuildFile; fileRef = E5128A5621E8A9D000D96D93 /* ABFSubString.cpp */; };
		E51315AE21A98BB100E12DEB /* FileManager.cpp in Sources */ = {isa = PBXBuildFile; fileRef = E51315AC21A98BB100E12DEB /* FileManager.cpp */; };
		E519C88821A4165D00EACA3C /* main.cpp in Sources */ = {isa = PBXBuildFile; fileRef = E519C88721A4165D00EACA3C /* main.cpp */; };
		E51D246721EBBDD000800E53 /* NFA.cpp in Sources */ = {isa = PBXBuildFile; fileRef = E51D246521EBBDD000800E53 /* NFA.cpp */; };
		E51D246A21EC71F000800E53 /* Operator.cpp in Sources */ = {isa = PBXBuildFile; fileRef = E51D246821EC71F000800E53 /* Operator.cpp */; };
		E51D246D21ECEED400800E53 /* Expression.cpp in Sources */ = {isa = PBXBuildFile; fileRef = E51D246B21ECEED400800E53 /* Expression.cpp */; };
		E51FA71321B3DEA400B54B20 /* UnionFind.cpp in Sources */ = {isa = PBXBuildFile; fileRef = E51FA71121B3DEA400B54B20 /* UnionFind.cpp */; };
		E51FA71621B3F8DE00B54B20 /* QuickUnion.cpp in Sources */ = {isa = PBXBuildFile; fileRef = E51FA71421B3F8DE00B54B20 /* QuickUnion.cpp */; };
		E51FA71921B3FA8C00B54B20 /* WeightedUnion.cpp in Sources */ = {isa = PBXBuildFile; fileRef = E51FA71721B3FA8C00B54B20 /* WeightedUnion.cpp */; };
		E51FA73221B571FF00B54B20 /* Item.cpp in Sources */ = {isa = PBXBuildFile; fileRef = E51FA73021B571FF00B54B20 /* Item.cpp */; };
		E564068D21ABEE84004236BB /* EvaluateExpression.cpp in Sources */ = {isa = PBXBuildFile; fileRef = E564068B21ABEE84004236BB /* EvaluateExpression.cpp */; };
		E57DCBA021C956EC00C7FF84 /* DFS.cpp in Sources */ = {isa = PBXBuildFile; fileRef = E57DCB9E21C956EC00C7FF84 /* DFS.cpp */; };
		E57DCBA321C956F400C7FF84 /* BFS.cpp in Sources */ = {isa = PBXBuildFile; fileRef = E57DCBA121C956F400C7FF84 /* BFS.cpp */; };
		E57DCBA921C9609600C7FF84 /* UFS.cpp in Sources */ = {isa = PBXBuildFile; fileRef = E57DCBA721C9609600C7FF84 /* UFS.cpp */; };
		E57DCBAC21C96F7900C7FF84 /* DFP.cpp in Sources */ = {isa = PBXBuildFile; fileRef = E57DCBAA21C96F7900C7FF84 /* DFP.cpp */; };
		E57DCBAF21C96F8400C7FF84 /* BFP.cpp in Sources */ = {isa = PBXBuildFile; fileRef = E57DCBAD21C96F8400C7FF84 /* BFP.cpp */; };
		E5874BB221CAB43A0098F5DF /* Cycle.cpp in Sources */ = {isa = PBXBuildFile; fileRef = E5874BB021CAB43A0098F5DF /* Cycle.cpp */; };
		E5874BB521CAB4450098F5DF /* TwoColors.cpp in Sources */ = {isa = PBXBuildFile; fileRef = E5874BB321CAB4450098F5DF /* TwoColors.cpp */; };
		E5874BB821CABF900098F5DF /* SymbolGraph.cpp in Sources */ = {isa = PBXBuildFile; fileRef = E5874BB621CABF900098F5DF /* SymbolGraph.cpp */; };
		E5874BBB21CABFB60098F5DF /* DegreesOfSeparation.cpp in Sources */ = {isa = PBXBuildFile; fileRef = E5874BB921CABFB60098F5DF /* DegreesOfSeparation.cpp */; };
		E5C3AB9521CA63EF00D764C4 /* DFSConnected.cpp in Sources */ = {isa = PBXBuildFile; fileRef = E5C3AB9321CA63EF00D764C4 /* DFSConnected.cpp */; };
		E5C3AB9821CA63FD00D764C4 /* UFConnected.cpp in Sources */ = {isa = PBXBuildFile; fileRef = E5C3AB9621CA63FD00D764C4 /* UFConnected.cpp */; };
		E5E203D721C9476F005AC35C /* Graph.cpp in Sources */ = {isa = PBXBuildFile; fileRef = E5E203D521C9476F005AC35C /* Graph.cpp */; };
/* End PBXBuildFile section */

/* Begin PBXCopyFilesBuildPhase section */
		E519C88221A4165D00EACA3C /* CopyFiles */ = {
			isa = PBXCopyFilesBuildPhase;
			buildActionMask = 2147483647;
			dstPath = /usr/share/man/man1/;
			dstSubfolderSpec = 0;
			files = (
			);
			runOnlyForDeploymentPostprocessing = 1;
		};
/* End PBXCopyFilesBuildPhase section */

/* Begin PBXFileReference section */
		E51289D021CE3F8700D96D93 /* Digraph.cpp */ = {isa = PBXFileReference; lastKnownFileType = sourcecode.cpp.cpp; path = Digraph.cpp; sourceTree = "<group>"; };
		E51289D121CE3F8700D96D93 /* Digraph.hpp */ = {isa = PBXFileReference; lastKnownFileType = sourcecode.cpp.h; path = Digraph.hpp; sourceTree = "<group>"; };
		E51289D321CE8B3E00D96D93 /* DirectedDFS.cpp */ = {isa = PBXFileReference; lastKnownFileType = sourcecode.cpp.cpp; path = DirectedDFS.cpp; sourceTree = "<group>"; };
		E51289D421CE8B3E00D96D93 /* DirectedDFS.hpp */ = {isa = PBXFileReference; lastKnownFileType = sourcecode.cpp.h; path = DirectedDFS.hpp; sourceTree = "<group>"; };
		E51289D621CE8EBE00D96D93 /* DFDirectedPath.cpp */ = {isa = PBXFileReference; lastKnownFileType = sourcecode.cpp.cpp; path = DFDirectedPath.cpp; sourceTree = "<group>"; };
		E51289D721CE8EBE00D96D93 /* DFDirectedPath.hpp */ = {isa = PBXFileReference; lastKnownFileType = sourcecode.cpp.h; path = DFDirectedPath.hpp; sourceTree = "<group>"; };
		E51289D921CE92D600D96D93 /* BFDirectedPath.cpp */ = {isa = PBXFileReference; lastKnownFileType = sourcecode.cpp.cpp; path = BFDirectedPath.cpp; sourceTree = "<group>"; };
		E51289DA21CE92D600D96D93 /* BFDirectedPath.hpp */ = {isa = PBXFileReference; lastKnownFileType = sourcecode.cpp.h; path = BFDirectedPath.hpp; sourceTree = "<group>"; };
		E51289DC21CE941B00D96D93 /* DirectedCycle.cpp */ = {isa = PBXFileReference; lastKnownFileType = sourcecode.cpp.cpp; path = DirectedCycle.cpp; sourceTree = "<group>"; };
		E51289DD21CE941B00D96D93 /* DirectedCycle.hpp */ = {isa = PBXFileReference; lastKnownFileType = sourcecode.cpp.h; path = DirectedCycle.hpp; sourceTree = "<group>"; };
		E51289DF21D0C95400D96D93 /* DFOrder.cpp */ = {isa = PBXFileReference; lastKnownFileType = sourcecode.cpp.cpp; path = DFOrder.cpp; sourceTree = "<group>"; };
		E51289E021D0C95400D96D93 /* DFOrder.hpp */ = {isa = PBXFileReference; lastKnownFileType = sourcecode.cpp.h; path = DFOrder.hpp; sourceTree = "<group>"; };
		E51289E221D0CC5A00D96D93 /* Topological.cpp */ = {isa = PBXFileReference; lastKnownFileType = sourcecode.cpp.cpp; path = Topological.cpp; sourceTree = "<group>"; };
		E51289E321D0CC5A00D96D93 /* Topological.hpp */ = {isa = PBXFileReference; lastKnownFileType = sourcecode.cpp.h; path = Topological.hpp; sourceTree = "<group>"; };
		E51289E521D0D5FB00D96D93 /* KosarajuSCC.cpp */ = {isa = PBXFileReference; lastKnownFileType = sourcecode.cpp.cpp; path = KosarajuSCC.cpp; sourceTree = "<group>"; };
		E51289E621D0D5FB00D96D93 /* KosarajuSCC.hpp */ = {isa = PBXFileReference; lastKnownFileType = sourcecode.cpp.h; path = KosarajuSCC.hpp; sourceTree = "<group>"; };
		E51289E821D0E1C100D96D93 /* TransitiveClosure.cpp */ = {isa = PBXFileReference; lastKnownFileType = sourcecode.cpp.cpp; path = TransitiveClosure.cpp; sourceTree = "<group>"; };
		E51289E921D0E1C100D96D93 /* TransitiveClosure.hpp */ = {isa = PBXFileReference; lastKnownFileType = sourcecode.cpp.h; path = TransitiveClosure.hpp; sourceTree = "<group>"; };
		E51289EF21D1F1F800D96D93 /* Edge.cpp */ = {isa = PBXFileReference; lastKnownFileType = sourcecode.cpp.cpp; path = Edge.cpp; sourceTree = "<group>"; };
		E51289F021D1F1F800D96D93 /* Edge.hpp */ = {isa = PBXFileReference; lastKnownFileType = sourcecode.cpp.h; path = Edge.hpp; sourceTree = "<group>"; };
		E51289F221D2051200D96D93 /* EdgeWeightedGraph.cpp */ = {isa = PBXFileReference; lastKnownFileType = sourcecode.cpp.cpp; path = EdgeWeightedGraph.cpp; sourceTree = "<group>"; };
		E51289F321D2051200D96D93 /* EdgeWeightedGraph.hpp */ = {isa = PBXFileReference; lastKnownFileType = sourcecode.cpp.h; path = EdgeWeightedGraph.hpp; sourceTree = "<group>"; };
		E51289F521D2502100D96D93 /* LazyPrimMST.cpp */ = {isa = PBXFileReference; lastKnownFileType = sourcecode.cpp.cpp; path = LazyPrimMST.cpp; sourceTree = "<group>"; };
		E51289F621D2502100D96D93 /* LazyPrimMST.hpp */ = {isa = PBXFileReference; lastKnownFileType = sourcecode.cpp.h; path = LazyPrimMST.hpp; sourceTree = "<group>"; };
		E51289F821D2503000D96D93 /* EagerPrimMST.cpp */ = {isa = PBXFileReference; lastKnownFileType = sourcecode.cpp.cpp; path = EagerPrimMST.cpp; sourceTree = "<group>"; };
		E51289F921D2503000D96D93 /* EagerPrimMST.hpp */ = {isa = PBXFileReference; lastKnownFileType = sourcecode.cpp.h; path = EagerPrimMST.hpp; sourceTree = "<group>"; };
		E51289FB21D2504700D96D93 /* KruskalPrimMST.cpp */ = {isa = PBXFileReference; lastKnownFileType = sourcecode.cpp.cpp; path = KruskalPrimMST.cpp; sourceTree = "<group>"; };
		E51289FC21D2504700D96D93 /* KruskalPrimMST.hpp */ = {isa = PBXFileReference; lastKnownFileType = sourcecode.cpp.h; path = KruskalPrimMST.hpp; sourceTree = "<group>"; };
		E51289FE21DCCA7500D96D93 /* DirectedEdge.cpp */ = {isa = PBXFileReference; lastKnownFileType = sourcecode.cpp.cpp; path = DirectedEdge.cpp; sourceTree = "<group>"; };
		E51289FF21DCCA7500D96D93 /* DirectedEdge.hpp */ = {isa = PBXFileReference; lastKnownFileType = sourcecode.cpp.h; path = DirectedEdge.hpp; sourceTree = "<group>"; };
		E5128A0121DCCA8400D96D93 /* EdgeWeightedDigraph.cpp */ = {isa = PBXFileReference; lastKnownFileType = sourcecode.cpp.cpp; path = EdgeWeightedDigraph.cpp; sourceTree = "<group>"; };
		E5128A0221DCCA8400D96D93 /* EdgeWeightedDigraph.hpp */ = {isa = PBXFileReference; lastKnownFileType = sourcecode.cpp.h; path = EdgeWeightedDigraph.hpp; sourceTree = "<group>"; };
		E5128A0421DCCA9700D96D93 /* DijkstraSP.cpp */ = {isa = PBXFileReference; lastKnownFileType = sourcecode.cpp.cpp; path = DijkstraSP.cpp; sourceTree = "<group>"; };
		E5128A0521DCCA9700D96D93 /* DijkstraSP.hpp */ = {isa = PBXFileReference; lastKnownFileType = sourcecode.cpp.h; path = DijkstraSP.hpp; sourceTree = "<group>"; };
		E5128A0721DCCAA400D96D93 /* DijkstraAllPairsSP.cpp */ = {isa = PBXFileReference; lastKnownFileType = sourcecode.cpp.cpp; path = DijkstraAllPairsSP.cpp; sourceTree = "<group>"; };
		E5128A0821DCCAA400D96D93 /* DijkstraAllPairsSP.hpp */ = {isa = PBXFileReference; lastKnownFileType = sourcecode.cpp.h; path = DijkstraAllPairsSP.hpp; sourceTree = "<group>"; };
		E5128A0A21DCCAB000D96D93 /* AcylicSP.cpp */ = {isa = PBXFileReference; lastKnownFileType = sourcecode.cpp.cpp; path = AcylicSP.cpp; sourceTree = "<group>"; };
		E5128A0B21DCCAB000D96D93 /* AcylicSP.hpp */ = {isa = PBXFileReference; lastKnownFileType = sourcecode.cpp.h; path = AcylicSP.hpp; sourceTree = "<group>"; };
		E5128A0D21DCCAB900D96D93 /* CPM.cpp */ = {isa = PBXFileReference; lastKnownFileType = sourcecode.cpp.cpp; path = CPM.cpp; sourceTree = "<group>"; };
		E5128A0E21DCCAB900D96D93 /* CPM.hpp */ = {isa = PBXFileReference; lastKnownFileType = sourcecode.cpp.h; path = CPM.hpp; sourceTree = "<group>"; };
		E5128A1021DCCAC500D96D93 /* BellmanFordSP.cpp */ = {isa = PBXFileReference; lastKnownFileType = sourcecode.cpp.cpp; path = BellmanFordSP.cpp; sourceTree = "<group>"; };
		E5128A1121DCCAC500D96D93 /* BellmanFordSP.hpp */ = {isa = PBXFileReference; lastKnownFileType = sourcecode.cpp.h; path = BellmanFordSP.hpp; sourceTree = "<group>"; };
		E5128A1321DCCAE100D96D93 /* Arbitrage.cpp */ = {isa = PBXFileReference; lastKnownFileType = sourcecode.cpp.cpp; path = Arbitrage.cpp; sourceTree = "<group>"; };
		E5128A1421DCCAE100D96D93 /* Arbitrage.hpp */ = {isa = PBXFileReference; lastKnownFileType = sourcecode.cpp.h; path = Arbitrage.hpp; sourceTree = "<group>"; };
		E5128A1621DCCAF600D96D93 /* AcyclicLP.cpp */ = {isa = PBXFileReference; lastKnownFileType = sourcecode.cpp.cpp; path = AcyclicLP.cpp; sourceTree = "<group>"; };
		E5128A1721DCCAF600D96D93 /* AcyclicLP.hpp */ = {isa = PBXFileReference; lastKnownFileType = sourcecode.cpp.h; path = AcyclicLP.hpp; sourceTree = "<group>"; };
		E5128A1F21DCFE0700D96D93 /* TopologicalEDW.cpp */ = {isa = PBXFileReference; lastKnownFileType = sourcecode.cpp.cpp; path = TopologicalEDW.cpp; sourceTree = "<group>"; };
		E5128A2021DCFE0700D96D93 /* TopologicalEDW.hpp */ = {isa = PBXFileReference; lastKnownFileType = sourcecode.cpp.h; path = TopologicalEDW.hpp; sourceTree = "<group>"; };
		E5128A2221DCFE7500D96D93 /* DirectedCycleEDW.cpp */ = {isa = PBXFileReference; lastKnownFileType = sourcecode.cpp.cpp; path = DirectedCycleEDW.cpp; sourceTree = "<group>"; };
		E5128A2321DCFE7500D96D93 /* DirectedCycleEDW.hpp */ = {isa = PBXFileReference; lastKnownFileType = sourcecode.cpp.h; path = DirectedCycleEDW.hpp; sourceTree = "<group>"; };
		E5128A2521DCFE8900D96D93 /* DFOrderEDW.cpp */ = {isa = PBXFileReference; lastKnownFileType = sourcecode.cpp.cpp; path = DFOrderEDW.cpp; sourceTree = "<group>"; };
		E5128A2621DCFE8900D96D93 /* DFOrderEDW.hpp */ = {isa = PBXFileReference; lastKnownFileType = sourcecode.cpp.h; path = DFOrderEDW.hpp; sourceTree = "<group>"; };
		E5128A3021E10B6700D96D93 /* Alphabet.cpp */ = {isa = PBXFileReference; lastKnownFileType = sourcecode.cpp.cpp; path = Alphabet.cpp; sourceTree = "<group>"; };
		E5128A3121E10B6700D96D93 /* Alphabet.hpp */ = {isa = PBXFileReference; lastKnownFileType = sourcecode.cpp.h; path = Alphabet.hpp; sourceTree = "<group>"; };
		E5128A3321E10B7500D96D93 /* LSD.cpp */ = {isa = PBXFileReference; lastKnownFileType = sourcecode.cpp.cpp; path = LSD.cpp; sourceTree = "<group>"; };
		E5128A3421E10B7500D96D93 /* LSD.hpp */ = {isa = PBXFileReference; lastKnownFileType = sourcecode.cpp.h; path = LSD.hpp; sourceTree = "<group>"; };
		E5128A3621E10B7E00D96D93 /* MSD.cpp */ = {isa = PBXFileReference; lastKnownFileType = sourcecode.cpp.cpp; path = MSD.cpp; sourceTree = "<group>"; };
		E5128A3721E10B7E00D96D93 /* MSD.hpp */ = {isa = PBXFileReference; lastKnownFileType = sourcecode.cpp.h; path = MSD.hpp; sourceTree = "<group>"; };
		E5128A3921E10BA000D96D93 /* QuickSortString.cpp */ = {isa = PBXFileReference; lastKnownFileType = sourcecode.cpp.cpp; path = QuickSortString.cpp; sourceTree = "<group>"; };
		E5128A3A21E10BA000D96D93 /* QuickSortString.hpp */ = {isa = PBXFileReference; lastKnownFileType = sourcecode.cpp.h; path = QuickSortString.hpp; sourceTree = "<group>"; };
		E5128A3E21E22BD700D96D93 /* StringST.hpp */ = {isa = PBXFileReference; lastKnownFileType = sourcecode.cpp.h; path = StringST.hpp; sourceTree = "<group>"; };
		E5128A4121E22BE100D96D93 /* Trie.hpp */ = {isa = PBXFileReference; lastKnownFileType = sourcecode.cpp.h; path = Trie.hpp; sourceTree = "<group>"; };
		E5128A4421E22BEA00D96D93 /* TST.hpp */ = {isa = PBXFileReference; lastKnownFileType = sourcecode.cpp.h; path = TST.hpp; sourceTree = "<group>"; };
		E5128A4D21E89F5000D96D93 /* BFSubString.cpp */ = {isa = PBXFileReference; lastKnownFileType = sourcecode.cpp.cpp; path = BFSubString.cpp; sourceTree = "<group>"; };
		E5128A4E21E89F5000D96D93 /* BFSubString.hpp */ = {isa = PBXFileReference; lastKnownFileType = sourcecode.cpp.h; path = BFSubString.hpp; sourceTree = "<group>"; };
		E5128A5021E89F5C00D96D93 /* KMPSubString.cpp */ = {isa = PBXFileReference; lastKnownFileType = sourcecode.cpp.cpp; path = KMPSubString.cpp; sourceTree = "<group>"; };
		E5128A5121E89F5C00D96D93 /* KMPSubString.hpp */ = {isa = PBXFileReference; lastKnownFileType = sourcecode.cpp.h; path = KMPSubString.hpp; sourceTree = "<group>"; };
		E5128A5321E89F6F00D96D93 /* BMSubString.cpp */ = {isa = PBXFileReference; lastKnownFileType = sourcecode.cpp.cpp; path = BMSubString.cpp; sourceTree = "<group>"; };
		E5128A5421E89F6F00D96D93 /* BMSubString.hpp */ = {isa = PBXFileReference; lastKnownFileType = sourcecode.cpp.h; path = BMSubString.hpp; sourceTree = "<group>"; };
		E5128A5621E8A9D000D96D93 /* ABFSubString.cpp */ = {isa = PBXFileReference; lastKnownFileType = sourcecode.cpp.cpp; path = ABFSubString.cpp; sourceTree = "<group>"; };
		E5128A5721E8A9D000D96D93 /* ABFSubString.hpp */ = {isa = PBXFileReference; lastKnownFileType = sourcecode.cpp.h; path = ABFSubString.hpp; sourceTree = "<group>"; };
		E51315AC21A98BB100E12DEB /* FileManager.cpp */ = {isa = PBXFileReference; fileEncoding = 4; lastKnownFileType = sourcecode.cpp.cpp; path = FileManager.cpp; sourceTree = "<group>"; };
		E51315AD21A98BB100E12DEB /* FileManager.hpp */ = {isa = PBXFileReference; fileEncoding = 4; lastKnownFileType = sourcecode.cpp.h; path = FileManager.hpp; sourceTree = "<group>"; };
		E51833D721AAA96600A760B2 /* Array.hpp */ = {isa = PBXFileReference; lastKnownFileType = sourcecode.cpp.h; path = Array.hpp; sourceTree = "<group>"; };
		E519C88421A4165D00EACA3C /* Demo */ = {isa = PBXFileReference; explicitFileType = "compiled.mach-o.executable"; includeInIndex = 0; path = Demo; sourceTree = BUILT_PRODUCTS_DIR; };
		E519C88721A4165D00EACA3C /* main.cpp */ = {isa = PBXFileReference; lastKnownFileType = sourcecode.cpp.cpp; path = main.cpp; sourceTree = "<group>"; };
		E51D246521EBBDD000800E53 /* NFA.cpp */ = {isa = PBXFileReference; lastKnownFileType = sourcecode.cpp.cpp; path = NFA.cpp; sourceTree = "<group>"; };
		E51D246621EBBDD000800E53 /* NFA.hpp */ = {isa = PBXFileReference; lastKnownFileType = sourcecode.cpp.h; path = NFA.hpp; sourceTree = "<group>"; };
		E51D246821EC71F000800E53 /* Operator.cpp */ = {isa = PBXFileReference; lastKnownFileType = sourcecode.cpp.cpp; path = Operator.cpp; sourceTree = "<group>"; };
		E51D246921EC71F000800E53 /* Operator.hpp */ = {isa = PBXFileReference; lastKnownFileType = sourcecode.cpp.h; path = Operator.hpp; sourceTree = "<group>"; };
		E51D246B21ECEED400800E53 /* Expression.cpp */ = {isa = PBXFileReference; lastKnownFileType = sourcecode.cpp.cpp; path = Expression.cpp; sourceTree = "<group>"; };
		E51D246C21ECEED400800E53 /* Expression.hpp */ = {isa = PBXFileReference; lastKnownFileType = sourcecode.cpp.h; path = Expression.hpp; sourceTree = "<group>"; };
		E51FA6E221AD4CFA00B54B20 /* Constant.hpp */ = {isa = PBXFileReference; lastKnownFileType = sourcecode.cpp.h; path = Constant.hpp; sourceTree = "<group>"; };
		E51FA6E821B1258900B54B20 /* Stack+LinkedList.hpp */ = {isa = PBXFileReference; lastKnownFileType = sourcecode.cpp.h; path = "Stack+LinkedList.hpp"; sourceTree = "<group>"; };
		E51FA6EB21B1259700B54B20 /* Queue+LinkedList.hpp */ = {isa = PBXFileReference; lastKnownFileType = sourcecode.cpp.h; path = "Queue+LinkedList.hpp"; sourceTree = "<group>"; };
		E51FA6EE21B125A000B54B20 /* Bag+LinkedList.hpp */ = {isa = PBXFileReference; lastKnownFileType = sourcecode.cpp.h; path = "Bag+LinkedList.hpp"; sourceTree = "<group>"; };
		E51FA6F121B136AF00B54B20 /* Link.hpp */ = {isa = PBXFileReference; lastKnownFileType = sourcecode.cpp.h; path = Link.hpp; sourceTree = "<group>"; };
		E51FA6F421B13BDB00B54B20 /* DoubleNode.hpp */ = {isa = PBXFileReference; lastKnownFileType = sourcecode.cpp.h; path = DoubleNode.hpp; sourceTree = "<group>"; };
		E51FA6F921B13CD000B54B20 /* Node.hpp */ = {isa = PBXFileReference; lastKnownFileType = sourcecode.cpp.h; path = Node.hpp; sourceTree = "<group>"; };
		E51FA6FD21B1407700B54B20 /* DoubleLink.hpp */ = {isa = PBXFileReference; lastKnownFileType = sourcecode.cpp.h; path = DoubleLink.hpp; sourceTree = "<group>"; };
		E51FA70321B2716100B54B20 /* Stack+DoubleLinkedList.hpp */ = {isa = PBXFileReference; lastKnownFileType = sourcecode.cpp.h; path = "Stack+DoubleLinkedList.hpp"; sourceTree = "<group>"; };
		E51FA70621B2716F00B54B20 /* Queue+DoubleLinkedList.hpp */ = {isa = PBXFileReference; lastKnownFileType = sourcecode.cpp.h; path = "Queue+DoubleLinkedList.hpp"; sourceTree = "<group>"; };
		E51FA70921B2717E00B54B20 /* Bag+DoubleLinkedList.hpp */ = {isa = PBXFileReference; lastKnownFileType = sourcecode.cpp.h; path = "Bag+DoubleLinkedList.hpp"; sourceTree = "<group>"; };
		E51FA71121B3DEA400B54B20 /* UnionFind.cpp */ = {isa = PBXFileReference; lastKnownFileType = sourcecode.cpp.cpp; path = UnionFind.cpp; sourceTree = "<group>"; };
		E51FA71221B3DEA400B54B20 /* UnionFind.hpp */ = {isa = PBXFileReference; lastKnownFileType = sourcecode.cpp.h; path = UnionFind.hpp; sourceTree = "<group>"; };
		E51FA71421B3F8DE00B54B20 /* QuickUnion.cpp */ = {isa = PBXFileReference; lastKnownFileType = sourcecode.cpp.cpp; path = QuickUnion.cpp; sourceTree = "<group>"; };
		E51FA71521B3F8DE00B54B20 /* QuickUnion.hpp */ = {isa = PBXFileReference; lastKnownFileType = sourcecode.cpp.h; path = QuickUnion.hpp; sourceTree = "<group>"; };
		E51FA71721B3FA8C00B54B20 /* WeightedUnion.cpp */ = {isa = PBXFileReference; lastKnownFileType = sourcecode.cpp.cpp; path = WeightedUnion.cpp; sourceTree = "<group>"; };
		E51FA71821B3FA8C00B54B20 /* WeightedUnion.hpp */ = {isa = PBXFileReference; lastKnownFileType = sourcecode.cpp.h; path = WeightedUnion.hpp; sourceTree = "<group>"; };
		E51FA71C21B5298800B54B20 /* SelectionSort.hpp */ = {isa = PBXFileReference; lastKnownFileType = sourcecode.cpp.h; path = SelectionSort.hpp; sourceTree = "<group>"; };
		E51FA71F21B5299500B54B20 /* InsertionSort.hpp */ = {isa = PBXFileReference; lastKnownFileType = sourcecode.cpp.h; path = InsertionSort.hpp; sourceTree = "<group>"; };
		E51FA72521B529AD00B54B20 /* MergeSortTopDown.hpp */ = {isa = PBXFileReference; lastKnownFileType = sourcecode.cpp.h; path = MergeSortTopDown.hpp; sourceTree = "<group>"; };
		E51FA72821B529DB00B54B20 /* MergeSortBottomUp.hpp */ = {isa = PBXFileReference; lastKnownFileType = sourcecode.cpp.h; path = MergeSortBottomUp.hpp; sourceTree = "<group>"; };
		E51FA72B21B529E800B54B20 /* QuickSort.hpp */ = {isa = PBXFileReference; lastKnownFileType = sourcecode.cpp.h; path = QuickSort.hpp; sourceTree = "<group>"; };
		E51FA72E21B529F800B54B20 /* QuickSortThreeWays.hpp */ = {isa = PBXFileReference; lastKnownFileType = sourcecode.cpp.h; path = QuickSortThreeWays.hpp; sourceTree = "<group>"; };
		E51FA73021B571FF00B54B20 /* Item.cpp */ = {isa = PBXFileReference; lastKnownFileType = sourcecode.cpp.cpp; path = Item.cpp; sourceTree = "<group>"; };
		E51FA73121B571FF00B54B20 /* Item.hpp */ = {isa = PBXFileReference; lastKnownFileType = sourcecode.cpp.h; path = Item.hpp; sourceTree = "<group>"; };
		E51FA73421B575F700B54B20 /* BaseSort.hpp */ = {isa = PBXFileReference; lastKnownFileType = sourcecode.cpp.h; path = BaseSort.hpp; sourceTree = "<group>"; };
		E52CEDB821AA5E7700DD13A8 /* Iterator.hpp */ = {isa = PBXFileReference; lastKnownFileType = sourcecode.cpp.h; path = Iterator.hpp; sourceTree = "<group>"; };
		E52CEDBB21AA80B800DD13A8 /* Stack.hpp */ = {isa = PBXFileReference; lastKnownFileType = sourcecode.cpp.h; path = Stack.hpp; sourceTree = "<group>"; };
		E564068821ABE63E004236BB /* Queue.hpp */ = {isa = PBXFileReference; lastKnownFileType = sourcecode.cpp.h; path = Queue.hpp; sourceTree = "<group>"; };
		E564068B21ABEE84004236BB /* EvaluateExpression.cpp */ = {isa = PBXFileReference; lastKnownFileType = sourcecode.cpp.cpp; path = EvaluateExpression.cpp; sourceTree = "<group>"; };
		E564068C21ABEE84004236BB /* EvaluateExpression.hpp */ = {isa = PBXFileReference; lastKnownFileType = sourcecode.cpp.h; path = EvaluateExpression.hpp; sourceTree = "<group>"; };
		E578B86E21B96C900021857A /* MaxPriorityQueue.hpp */ = {isa = PBXFileReference; lastKnownFileType = sourcecode.cpp.h; path = MaxPriorityQueue.hpp; sourceTree = "<group>"; };
		E578B87121B96C9E0021857A /* MinPriorityQueue.hpp */ = {isa = PBXFileReference; lastKnownFileType = sourcecode.cpp.h; path = MinPriorityQueue.hpp; sourceTree = "<group>"; };
		E578B87421B96CAF0021857A /* MaxIndexPriorityQueue.hpp */ = {isa = PBXFileReference; lastKnownFileType = sourcecode.cpp.h; path = MaxIndexPriorityQueue.hpp; sourceTree = "<group>"; };
		E578B87721B96CBB0021857A /* MinIndexPriorityQueue.hpp */ = {isa = PBXFileReference; lastKnownFileType = sourcecode.cpp.h; path = MinIndexPriorityQueue.hpp; sourceTree = "<group>"; };
		E578B87A21B96CCD0021857A /* HeapSort.hpp */ = {isa = PBXFileReference; lastKnownFileType = sourcecode.cpp.h; path = HeapSort.hpp; sourceTree = "<group>"; };
		E57DCB9E21C956EC00C7FF84 /* DFS.cpp */ = {isa = PBXFileReference; lastKnownFileType = sourcecode.cpp.cpp; path = DFS.cpp; sourceTree = "<group>"; };
		E57DCB9F21C956EC00C7FF84 /* DFS.hpp */ = {isa = PBXFileReference; lastKnownFileType = sourcecode.cpp.h; path = DFS.hpp; sourceTree = "<group>"; };
		E57DCBA121C956F400C7FF84 /* BFS.cpp */ = {isa = PBXFileReference; lastKnownFileType = sourcecode.cpp.cpp; path = BFS.cpp; sourceTree = "<group>"; };
		E57DCBA221C956F400C7FF84 /* BFS.hpp */ = {isa = PBXFileReference; lastKnownFileType = sourcecode.cpp.h; path = BFS.hpp; sourceTree = "<group>"; };
		E57DCBA721C9609600C7FF84 /* UFS.cpp */ = {isa = PBXFileReference; lastKnownFileType = sourcecode.cpp.cpp; path = UFS.cpp; sourceTree = "<group>"; };
		E57DCBA821C9609600C7FF84 /* UFS.hpp */ = {isa = PBXFileReference; lastKnownFileType = sourcecode.cpp.h; path = UFS.hpp; sourceTree = "<group>"; };
		E57DCBAA21C96F7900C7FF84 /* DFP.cpp */ = {isa = PBXFileReference; lastKnownFileType = sourcecode.cpp.cpp; path = DFP.cpp; sourceTree = "<group>"; };
		E57DCBAB21C96F7900C7FF84 /* DFP.hpp */ = {isa = PBXFileReference; lastKnownFileType = sourcecode.cpp.h; path = DFP.hpp; sourceTree = "<group>"; };
		E57DCBAD21C96F8400C7FF84 /* BFP.cpp */ = {isa = PBXFileReference; lastKnownFileType = sourcecode.cpp.cpp; path = BFP.cpp; sourceTree = "<group>"; };
		E57DCBAE21C96F8400C7FF84 /* BFP.hpp */ = {isa = PBXFileReference; lastKnownFileType = sourcecode.cpp.h; path = BFP.hpp; sourceTree = "<group>"; };
		E5874BB021CAB43A0098F5DF /* Cycle.cpp */ = {isa = PBXFileReference; lastKnownFileType = sourcecode.cpp.cpp; path = Cycle.cpp; sourceTree = "<group>"; };
		E5874BB121CAB43A0098F5DF /* Cycle.hpp */ = {isa = PBXFileReference; lastKnownFileType = sourcecode.cpp.h; path = Cycle.hpp; sourceTree = "<group>"; };
		E5874BB321CAB4450098F5DF /* TwoColors.cpp */ = {isa = PBXFileReference; lastKnownFileType = sourcecode.cpp.cpp; path = TwoColors.cpp; sourceTree = "<group>"; };
		E5874BB421CAB4450098F5DF /* TwoColors.hpp */ = {isa = PBXFileReference; lastKnownFileType = sourcecode.cpp.h; path = TwoColors.hpp; sourceTree = "<group>"; };
		E5874BB621CABF900098F5DF /* SymbolGraph.cpp */ = {isa = PBXFileReference; lastKnownFileType = sourcecode.cpp.cpp; path = SymbolGraph.cpp; sourceTree = "<group>"; };
		E5874BB721CABF900098F5DF /* SymbolGraph.hpp */ = {isa = PBXFileReference; lastKnownFileType = sourcecode.cpp.h; path = SymbolGraph.hpp; sourceTree = "<group>"; };
		E5874BB921CABFB60098F5DF /* DegreesOfSeparation.cpp */ = {isa = PBXFileReference; lastKnownFileType = sourcecode.cpp.cpp; path = DegreesOfSeparation.cpp; sourceTree = "<group>"; };
		E5874BBA21CABFB60098F5DF /* DegreesOfSeparation.hpp */ = {isa = PBXFileReference; lastKnownFileType = sourcecode.cpp.h; path = DegreesOfSeparation.hpp; sourceTree = "<group>"; };
		E5C3AB9321CA63EF00D764C4 /* DFSConnected.cpp */ = {isa = PBXFileReference; lastKnownFileType = sourcecode.cpp.cpp; path = DFSConnected.cpp; sourceTree = "<group>"; };
		E5C3AB9421CA63EF00D764C4 /* DFSConnected.hpp */ = {isa = PBXFileReference; lastKnownFileType = sourcecode.cpp.h; path = DFSConnected.hpp; sourceTree = "<group>"; };
		E5C3AB9621CA63FD00D764C4 /* UFConnected.cpp */ = {isa = PBXFileReference; lastKnownFileType = sourcecode.cpp.cpp; path = UFConnected.cpp; sourceTree = "<group>"; };
		E5C3AB9721CA63FD00D764C4 /* UFConnected.hpp */ = {isa = PBXFileReference; lastKnownFileType = sourcecode.cpp.h; path = UFConnected.hpp; sourceTree = "<group>"; };
		E5E2038121BD2DEB005AC35C /* SequentialSearchST.hpp */ = {isa = PBXFileReference; lastKnownFileType = sourcecode.cpp.h; path = SequentialSearchST.hpp; sourceTree = "<group>"; };
		E5E2038421BD2DFA005AC35C /* BinarySearchST.hpp */ = {isa = PBXFileReference; lastKnownFileType = sourcecode.cpp.h; path = BinarySearchST.hpp; sourceTree = "<group>"; };
		E5E2038721BD2E04005AC35C /* BinarySearchTree.hpp */ = {isa = PBXFileReference; lastKnownFileType = sourcecode.cpp.h; path = BinarySearchTree.hpp; sourceTree = "<group>"; };
		E5E2038A21BD2E11005AC35C /* RedBlackTree.hpp */ = {isa = PBXFileReference; lastKnownFileType = sourcecode.cpp.h; path = RedBlackTree.hpp; sourceTree = "<group>"; };
		E5E2039321BD2E91005AC35C /* SymbolTable.hpp */ = {isa = PBXFileReference; lastKnownFileType = sourcecode.cpp.h; path = SymbolTable.hpp; sourceTree = "<group>"; };
		E5E2039621BD2E9E005AC35C /* OrderedSymbolTable.hpp */ = {isa = PBXFileReference; lastKnownFileType = sourcecode.cpp.h; path = OrderedSymbolTable.hpp; sourceTree = "<group>"; };
		E5E203CB21C528EC005AC35C /* LinearProbingHashST.hpp */ = {isa = PBXFileReference; lastKnownFileType = sourcecode.cpp.h; path = LinearProbingHashST.hpp; sourceTree = "<group>"; };
		E5E203CE21C52922005AC35C /* SeparateChainingHashST.hpp */ = {isa = PBXFileReference; lastKnownFileType = sourcecode.cpp.h; path = SeparateChainingHashST.hpp; sourceTree = "<group>"; };
		E5E203D521C9476F005AC35C /* Graph.cpp */ = {isa = PBXFileReference; lastKnownFileType = sourcecode.cpp.cpp; path = Graph.cpp; sourceTree = "<group>"; };
		E5E203D621C9476F005AC35C /* Graph.hpp */ = {isa = PBXFileReference; lastKnownFileType = sourcecode.cpp.h; path = Graph.hpp; sourceTree = "<group>"; };
/* End PBXFileReference section */

/* Begin PBXFrameworksBuildPhase section */
		E519C88121A4165D00EACA3C /* Frameworks */ = {
			isa = PBXFrameworksBuildPhase;
			buildActionMask = 2147483647;
			files = (
			);
			runOnlyForDeploymentPostprocessing = 0;
		};
/* End PBXFrameworksBuildPhase section */

/* Begin PBXGroup section */
		E51289C921CCA03200D96D93 /* Graph */ = {
			isa = PBXGroup;
			children = (
				E5E203D521C9476F005AC35C /* Graph.cpp */,
				E5E203D621C9476F005AC35C /* Graph.hpp */,
			);
			path = Graph;
			sourceTree = "<group>";
		};
		E51289CC21CCA07E00D96D93 /* Search */ = {
			isa = PBXGroup;
			children = (
				E57DCBA121C956F400C7FF84 /* BFS.cpp */,
				E57DCBA221C956F400C7FF84 /* BFS.hpp */,
				E57DCB9E21C956EC00C7FF84 /* DFS.cpp */,
				E57DCB9F21C956EC00C7FF84 /* DFS.hpp */,
				E57DCBA721C9609600C7FF84 /* UFS.cpp */,
				E57DCBA821C9609600C7FF84 /* UFS.hpp */,
			);
			path = Search;
			sourceTree = "<group>";
		};
		E51289CD21CCA09600D96D93 /* Path */ = {
			isa = PBXGroup;
			children = (
				E57DCBAA21C96F7900C7FF84 /* DFP.cpp */,
				E57DCBAB21C96F7900C7FF84 /* DFP.hpp */,
				E57DCBAD21C96F8400C7FF84 /* BFP.cpp */,
				E57DCBAE21C96F8400C7FF84 /* BFP.hpp */,
			);
			path = Path;
			sourceTree = "<group>";
		};
		E51289CE21CCA0B200D96D93 /* Connected */ = {
			isa = PBXGroup;
			children = (
				E5874BB021CAB43A0098F5DF /* Cycle.cpp */,
				E5874BB121CAB43A0098F5DF /* Cycle.hpp */,
				E5874BB321CAB4450098F5DF /* TwoColors.cpp */,
				E5874BB421CAB4450098F5DF /* TwoColors.hpp */,
				E5C3AB9321CA63EF00D764C4 /* DFSConnected.cpp */,
				E5C3AB9421CA63EF00D764C4 /* DFSConnected.hpp */,
				E5C3AB9621CA63FD00D764C4 /* UFConnected.cpp */,
				E5C3AB9721CA63FD00D764C4 /* UFConnected.hpp */,
			);
			path = Connected;
			sourceTree = "<group>";
		};
		E51289CF21CCA0DA00D96D93 /* Symbol */ = {
			isa = PBXGroup;
			children = (
				E5874BB621CABF900098F5DF /* SymbolGraph.cpp */,
				E5874BB721CABF900098F5DF /* SymbolGraph.hpp */,
				E5874BB921CABFB60098F5DF /* DegreesOfSeparation.cpp */,
				E5874BBA21CABFB60098F5DF /* DegreesOfSeparation.hpp */,
			);
			path = Symbol;
			sourceTree = "<group>";
		};
		E51289EB21D0E5A400D96D93 /* Digraph */ = {
			isa = PBXGroup;
			children = (
				E51289D021CE3F8700D96D93 /* Digraph.cpp */,
				E51289D121CE3F8700D96D93 /* Digraph.hpp */,
			);
			path = Digraph;
			sourceTree = "<group>";
		};
		E51289EC21D0E5AF00D96D93 /* Search */ = {
			isa = PBXGroup;
			children = (
				E51289D321CE8B3E00D96D93 /* DirectedDFS.cpp */,
				E51289D421CE8B3E00D96D93 /* DirectedDFS.hpp */,
			);
			path = Search;
			sourceTree = "<group>";
		};
		E51289ED21D0E5BC00D96D93 /* Path */ = {
			isa = PBXGroup;
			children = (
				E51289D621CE8EBE00D96D93 /* DFDirectedPath.cpp */,
				E51289D721CE8EBE00D96D93 /* DFDirectedPath.hpp */,
				E51289D921CE92D600D96D93 /* BFDirectedPath.cpp */,
				E51289DA21CE92D600D96D93 /* BFDirectedPath.hpp */,
			);
			path = Path;
			sourceTree = "<group>";
		};
		E51289EE21D0E5CF00D96D93 /* Connected */ = {
			isa = PBXGroup;
			children = (
				E51289DC21CE941B00D96D93 /* DirectedCycle.cpp */,
				E51289DD21CE941B00D96D93 /* DirectedCycle.hpp */,
				E51289DF21D0C95400D96D93 /* DFOrder.cpp */,
				E51289E021D0C95400D96D93 /* DFOrder.hpp */,
				E51289E221D0CC5A00D96D93 /* Topological.cpp */,
				E51289E321D0CC5A00D96D93 /* Topological.hpp */,
				E51289E521D0D5FB00D96D93 /* KosarajuSCC.cpp */,
				E51289E621D0D5FB00D96D93 /* KosarajuSCC.hpp */,
				E51289E821D0E1C100D96D93 /* TransitiveClosure.cpp */,
				E51289E921D0E1C100D96D93 /* TransitiveClosure.hpp */,
			);
			path = Connected;
			sourceTree = "<group>";
		};
		E5128A2821E10A9B00D96D93 /* EdgeWeightedGraph */ = {
			isa = PBXGroup;
			children = (
				E51289FE21DCCA7500D96D93 /* DirectedEdge.cpp */,
				E51289FF21DCCA7500D96D93 /* DirectedEdge.hpp */,
				E5128A0121DCCA8400D96D93 /* EdgeWeightedDigraph.cpp */,
				E5128A0221DCCA8400D96D93 /* EdgeWeightedDigraph.hpp */,
			);
			path = EdgeWeightedGraph;
			sourceTree = "<group>";
		};
		E5128A2921E10AD700D96D93 /* Dijkstra */ = {
			isa = PBXGroup;
			children = (
				E5128A0421DCCA9700D96D93 /* DijkstraSP.cpp */,
				E5128A0521DCCA9700D96D93 /* DijkstraSP.hpp */,
				E5128A0721DCCAA400D96D93 /* DijkstraAllPairsSP.cpp */,
				E5128A0821DCCAA400D96D93 /* DijkstraAllPairsSP.hpp */,
			);
			path = Dijkstra;
			sourceTree = "<group>";
		};
		E5128A2A21E10AE700D96D93 /* Connected */ = {
			isa = PBXGroup;
			children = (
				E5128A1F21DCFE0700D96D93 /* TopologicalEDW.cpp */,
				E5128A2021DCFE0700D96D93 /* TopologicalEDW.hpp */,
				E5128A2221DCFE7500D96D93 /* DirectedCycleEDW.cpp */,
				E5128A2321DCFE7500D96D93 /* DirectedCycleEDW.hpp */,
				E5128A2521DCFE8900D96D93 /* DFOrderEDW.cpp */,
				E5128A2621DCFE8900D96D93 /* DFOrderEDW.hpp */,
			);
			path = Connected;
			sourceTree = "<group>";
		};
		E5128A2B21E10AF500D96D93 /* Acyclic */ = {
			isa = PBXGroup;
			children = (
				E5128A0A21DCCAB000D96D93 /* AcylicSP.cpp */,
				E5128A0B21DCCAB000D96D93 /* AcylicSP.hpp */,
				E5128A1621DCCAF600D96D93 /* AcyclicLP.cpp */,
				E5128A1721DCCAF600D96D93 /* AcyclicLP.hpp */,
			);
			path = Acyclic;
			sourceTree = "<group>";
		};
		E5128A2C21E10B1400D96D93 /* CPM */ = {
			isa = PBXGroup;
			children = (
				E5128A0D21DCCAB900D96D93 /* CPM.cpp */,
				E5128A0E21DCCAB900D96D93 /* CPM.hpp */,
			);
			path = CPM;
			sourceTree = "<group>";
		};
		E5128A2D21E10B1E00D96D93 /* BellmanFordSP */ = {
			isa = PBXGroup;
			children = (
				E5128A1021DCCAC500D96D93 /* BellmanFordSP.cpp */,
				E5128A1121DCCAC500D96D93 /* BellmanFordSP.hpp */,
				E5128A1321DCCAE100D96D93 /* Arbitrage.cpp */,
				E5128A1421DCCAE100D96D93 /* Arbitrage.hpp */,
			);
			path = BellmanFordSP;
			sourceTree = "<group>";
		};
		E5128A2E21E10B3D00D96D93 /* String */ = {
			isa = PBXGroup;
			children = (
				E5128A2F21E10B5100D96D93 /* Sorting */,
				E5128A3C21E2182500D96D93 /* Tries */,
				E5128A4921E5EEE800D96D93 /* SubString */,
				E51D246421E9E9B100800E53 /* Regrex */,
			);
			path = String;
			sourceTree = "<group>";
		};
		E5128A2F21E10B5100D96D93 /* Sorting */ = {
			isa = PBXGroup;
			children = (
				E5128A3021E10B6700D96D93 /* Alphabet.cpp */,
				E5128A3121E10B6700D96D93 /* Alphabet.hpp */,
				E5128A3321E10B7500D96D93 /* LSD.cpp */,
				E5128A3421E10B7500D96D93 /* LSD.hpp */,
				E5128A3621E10B7E00D96D93 /* MSD.cpp */,
				E5128A3721E10B7E00D96D93 /* MSD.hpp */,
				E5128A3921E10BA000D96D93 /* QuickSortString.cpp */,
				E5128A3A21E10BA000D96D93 /* QuickSortString.hpp */,
			);
			path = Sorting;
			sourceTree = "<group>";
		};
		E5128A3C21E2182500D96D93 /* Tries */ = {
			isa = PBXGroup;
			children = (
				E5128A3E21E22BD700D96D93 /* StringST.hpp */,
				E5128A4121E22BE100D96D93 /* Trie.hpp */,
				E5128A4421E22BEA00D96D93 /* TST.hpp */,
			);
			path = Tries;
			sourceTree = "<group>";
		};
		E5128A4921E5EEE800D96D93 /* SubString */ = {
			isa = PBXGroup;
			children = (
				E5128A4D21E89F5000D96D93 /* BFSubString.cpp */,
				E5128A4E21E89F5000D96D93 /* BFSubString.hpp */,
				E5128A5621E8A9D000D96D93 /* ABFSubString.cpp */,
				E5128A5721E8A9D000D96D93 /* ABFSubString.hpp */,
				E5128A5021E89F5C00D96D93 /* KMPSubString.cpp */,
				E5128A5121E89F5C00D96D93 /* KMPSubString.hpp */,
				E5128A5321E89F6F00D96D93 /* BMSubString.cpp */,
				E5128A5421E89F6F00D96D93 /* BMSubString.hpp */,
			);
			path = SubString;
			sourceTree = "<group>";
		};
		E51315AB21A98BB100E12DEB /* FileManager */ = {
			isa = PBXGroup;
			children = (
				E51315AC21A98BB100E12DEB /* FileManager.cpp */,
				E51315AD21A98BB100E12DEB /* FileManager.hpp */,
			);
			path = FileManager;
			sourceTree = "<group>";
		};
		E51833D521AAA95C00A760B2 /* Array */ = {
			isa = PBXGroup;
			children = (
				E51833D721AAA96600A760B2 /* Array.hpp */,
			);
			path = Array;
			sourceTree = "<group>";
		};
		E519C87B21A4165C00EACA3C = {
			isa = PBXGroup;
			children = (
				E519C88621A4165D00EACA3C /* Demo */,
				E519C88521A4165D00EACA3C /* Products */,
			);
			sourceTree = "<group>";
		};
		E519C88521A4165D00EACA3C /* Products */ = {
			isa = PBXGroup;
			children = (
				E519C88421A4165D00EACA3C /* Demo */,
			);
			name = Products;
			sourceTree = "<group>";
		};
		E519C88621A4165D00EACA3C /* Demo */ = {
			isa = PBXGroup;
			children = (
				E519C88721A4165D00EACA3C /* main.cpp */,
				E51FA6E021AD4CED00B54B20 /* Constants */,
				E52CEDA921AA460E00DD13A8 /* Fundamental */,
				E51FA71A21B5295E00B54B20 /* Sorting */,
				E5E2037A21BAA1AB005AC35C /* Searching */,
				E5E203D021C659AF005AC35C /* Graph */,
				E5128A2E21E10B3D00D96D93 /* String */,
				E51315AB21A98BB100E12DEB /* FileManager */,
			);
			path = Demo;
			sourceTree = "<group>";
		};
		E51D246421E9E9B100800E53 /* Regrex */ = {
			isa = PBXGroup;
			children = (
				E51D246521EBBDD000800E53 /* NFA.cpp */,
				E51D246621EBBDD000800E53 /* NFA.hpp */,
				E51D246821EC71F000800E53 /* Operator.cpp */,
				E51D246921EC71F000800E53 /* Operator.hpp */,
				E51D246B21ECEED400800E53 /* Expression.cpp */,
				E51D246C21ECEED400800E53 /* Expression.hpp */,
			);
			path = Regrex;
			sourceTree = "<group>";
		};
		E51FA6E021AD4CED00B54B20 /* Constants */ = {
			isa = PBXGroup;
			children = (
				E51FA6E221AD4CFA00B54B20 /* Constant.hpp */,
			);
			path = Constants;
			sourceTree = "<group>";
		};
		E51FA70021B140E700B54B20 /* SingleNode */ = {
			isa = PBXGroup;
			children = (
				E51FA6F921B13CD000B54B20 /* Node.hpp */,
				E51FA6F121B136AF00B54B20 /* Link.hpp */,
				E51FA6E821B1258900B54B20 /* Stack+LinkedList.hpp */,
				E51FA6EB21B1259700B54B20 /* Queue+LinkedList.hpp */,
				E51FA6EE21B125A000B54B20 /* Bag+LinkedList.hpp */,
			);
			path = SingleNode;
			sourceTree = "<group>";
		};
		E51FA70121B140F700B54B20 /* DoubleNode */ = {
			isa = PBXGroup;
			children = (
				E51FA6F421B13BDB00B54B20 /* DoubleNode.hpp */,
				E51FA6FD21B1407700B54B20 /* DoubleLink.hpp */,
				E51FA70321B2716100B54B20 /* Stack+DoubleLinkedList.hpp */,
				E51FA70621B2716F00B54B20 /* Queue+DoubleLinkedList.hpp */,
				E51FA70921B2717E00B54B20 /* Bag+DoubleLinkedList.hpp */,
			);
			path = DoubleNode;
			sourceTree = "<group>";
		};
		E51FA70B21B3DD5D00B54B20 /* UnionFind */ = {
			isa = PBXGroup;
			children = (
				E51FA71121B3DEA400B54B20 /* UnionFind.cpp */,
				E51FA71221B3DEA400B54B20 /* UnionFind.hpp */,
			);
			path = UnionFind;
			sourceTree = "<group>";
		};
		E51FA70C21B3DD6E00B54B20 /* QuickUnion */ = {
			isa = PBXGroup;
			children = (
				E51FA71421B3F8DE00B54B20 /* QuickUnion.cpp */,
				E51FA71521B3F8DE00B54B20 /* QuickUnion.hpp */,
			);
			path = QuickUnion;
			sourceTree = "<group>";
		};
		E51FA71021B3DD9600B54B20 /* WeightedUnion */ = {
			isa = PBXGroup;
			children = (
				E51FA71721B3FA8C00B54B20 /* WeightedUnion.cpp */,
				E51FA71821B3FA8C00B54B20 /* WeightedUnion.hpp */,
			);
			path = WeightedUnion;
			sourceTree = "<group>";
		};
		E51FA71A21B5295E00B54B20 /* Sorting */ = {
			isa = PBXGroup;
			children = (
				E51FA73621B57CC000B54B20 /* Base */,
				E51FA73721B57CDC00B54B20 /* Elementary */,
				E51FA73821B57CEB00B54B20 /* MergeSort */,
				E51FA73921B57CF600B54B20 /* QuickSort */,
				E578B87C21B96CD80021857A /* PriorityQueue */,
				E578B87D21B96CF80021857A /* HeapSort */,
			);
			path = Sorting;
			sourceTree = "<group>";
		};
		E51FA73621B57CC000B54B20 /* Base */ = {
			isa = PBXGroup;
			children = (
				E51FA73021B571FF00B54B20 /* Item.cpp */,
				E51FA73121B571FF00B54B20 /* Item.hpp */,
				E51FA73421B575F700B54B20 /* BaseSort.hpp */,
			);
			path = Base;
			sourceTree = "<group>";
		};
		E51FA73721B57CDC00B54B20 /* Elementary */ = {
			isa = PBXGroup;
			children = (
				E51FA71C21B5298800B54B20 /* SelectionSort.hpp */,
				E51FA71F21B5299500B54B20 /* InsertionSort.hpp */,
			);
			path = Elementary;
			sourceTree = "<group>";
		};
		E51FA73821B57CEB00B54B20 /* MergeSort */ = {
			isa = PBXGroup;
			children = (
				E51FA72521B529AD00B54B20 /* MergeSortTopDown.hpp */,
				E51FA72821B529DB00B54B20 /* MergeSortBottomUp.hpp */,
			);
			path = MergeSort;
			sourceTree = "<group>";
		};
		E51FA73921B57CF600B54B20 /* QuickSort */ = {
			isa = PBXGroup;
			children = (
				E51FA72B21B529E800B54B20 /* QuickSort.hpp */,
				E51FA72E21B529F800B54B20 /* QuickSortThreeWays.hpp */,
			);
			path = QuickSort;
			sourceTree = "<group>";
		};
		E52CEDA921AA460E00DD13A8 /* Fundamental */ = {
			isa = PBXGroup;
			children = (
				E564068A21ABEE35004236BB /* Dijkstra */,
				E51833D521AAA95C00A760B2 /* Array */,
				E52CEDB621AA5B4400DD13A8 /* Iterator */,
				E52CEDAF21AA460E00DD13A8 /* Queue */,
				E52CEDB021AA460E00DD13A8 /* Stack */,
				E52CEDAB21AA460E00DD13A8 /* LinkedList */,
				E52CEDAA21AA460E00DD13A8 /* UnionFind */,
			);
			path = Fundamental;
			sourceTree = "<group>";
		};
		E52CEDAA21AA460E00DD13A8 /* UnionFind */ = {
			isa = PBXGroup;
			children = (
				E51FA70B21B3DD5D00B54B20 /* UnionFind */,
				E51FA70C21B3DD6E00B54B20 /* QuickUnion */,
				E51FA71021B3DD9600B54B20 /* WeightedUnion */,
			);
			path = UnionFind;
			sourceTree = "<group>";
		};
		E52CEDAB21AA460E00DD13A8 /* LinkedList */ = {
			isa = PBXGroup;
			children = (
				E51FA70021B140E700B54B20 /* SingleNode */,
				E51FA70121B140F700B54B20 /* DoubleNode */,
			);
			path = LinkedList;
			sourceTree = "<group>";
		};
		E52CEDAF21AA460E00DD13A8 /* Queue */ = {
			isa = PBXGroup;
			children = (
				E564068821ABE63E004236BB /* Queue.hpp */,
			);
			path = Queue;
			sourceTree = "<group>";
		};
		E52CEDB021AA460E00DD13A8 /* Stack */ = {
			isa = PBXGroup;
			children = (
				E52CEDBB21AA80B800DD13A8 /* Stack.hpp */,
			);
			path = Stack;
			sourceTree = "<group>";
		};
		E52CEDB621AA5B4400DD13A8 /* Iterator */ = {
			isa = PBXGroup;
			children = (
				E52CEDB821AA5E7700DD13A8 /* Iterator.hpp */,
			);
			path = Iterator;
			sourceTree = "<group>";
		};
		E564068A21ABEE35004236BB /* Dijkstra */ = {
			isa = PBXGroup;
			children = (
				E564068B21ABEE84004236BB /* EvaluateExpression.cpp */,
				E564068C21ABEE84004236BB /* EvaluateExpression.hpp */,
			);
			path = Dijkstra;
			sourceTree = "<group>";
		};
		E578B87C21B96CD80021857A /* PriorityQueue */ = {
			isa = PBXGroup;
			children = (
				E578B86E21B96C900021857A /* MaxPriorityQueue.hpp */,
				E578B87121B96C9E0021857A /* MinPriorityQueue.hpp */,
				E578B87421B96CAF0021857A /* MaxIndexPriorityQueue.hpp */,
				E578B87721B96CBB0021857A /* MinIndexPriorityQueue.hpp */,
			);
			path = PriorityQueue;
			sourceTree = "<group>";
		};
		E578B87D21B96CF80021857A /* HeapSort */ = {
			isa = PBXGroup;
			children = (
				E578B87A21B96CCD0021857A /* HeapSort.hpp */,
			);
			path = HeapSort;
			sourceTree = "<group>";
		};
		E5E2037A21BAA1AB005AC35C /* Searching */ = {
			isa = PBXGroup;
			children = (
				E5E2038F21BD2E45005AC35C /* SymbolTable */,
				E5E2037B21BD2CD0005AC35C /* SequentialSearchST */,
				E5E2037C21BD2D7B005AC35C /* BinarySearchST */,
				E5E2037D21BD2D89005AC35C /* BinarySearchTree */,
				E5E2037E21BD2DB1005AC35C /* RedBlackTree */,
				E5E2037F21BD2DBA005AC35C /* HashTable */,
			);
			path = Searching;
			sourceTree = "<group>";
		};
		E5E2037B21BD2CD0005AC35C /* SequentialSearchST */ = {
			isa = PBXGroup;
			children = (
				E5E2038121BD2DEB005AC35C /* SequentialSearchST.hpp */,
			);
			path = SequentialSearchST;
			sourceTree = "<group>";
		};
		E5E2037C21BD2D7B005AC35C /* BinarySearchST */ = {
			isa = PBXGroup;
			children = (
				E5E2038421BD2DFA005AC35C /* BinarySearchST.hpp */,
			);
			path = BinarySearchST;
			sourceTree = "<group>";
		};
		E5E2037D21BD2D89005AC35C /* BinarySearchTree */ = {
			isa = PBXGroup;
			children = (
				E5E2038721BD2E04005AC35C /* BinarySearchTree.hpp */,
			);
			path = BinarySearchTree;
			sourceTree = "<group>";
		};
		E5E2037E21BD2DB1005AC35C /* RedBlackTree */ = {
			isa = PBXGroup;
			children = (
				E5E2038A21BD2E11005AC35C /* RedBlackTree.hpp */,
			);
			path = RedBlackTree;
			sourceTree = "<group>";
		};
		E5E2037F21BD2DBA005AC35C /* HashTable */ = {
			isa = PBXGroup;
			children = (
				E5E203CB21C528EC005AC35C /* LinearProbingHashST.hpp */,
				E5E203CE21C52922005AC35C /* SeparateChainingHashST.hpp */,
			);
			path = HashTable;
			sourceTree = "<group>";
		};
		E5E2038F21BD2E45005AC35C /* SymbolTable */ = {
			isa = PBXGroup;
			children = (
				E5E2039021BD2E54005AC35C /* SymbolTable */,
				E5E2039121BD2E61005AC35C /* OrderedSymbolTable */,
			);
			path = SymbolTable;
			sourceTree = "<group>";
		};
		E5E2039021BD2E54005AC35C /* SymbolTable */ = {
			isa = PBXGroup;
			children = (
				E5E2039321BD2E91005AC35C /* SymbolTable.hpp */,
			);
			path = SymbolTable;
			sourceTree = "<group>";
		};
		E5E2039121BD2E61005AC35C /* OrderedSymbolTable */ = {
			isa = PBXGroup;
			children = (
				E5E2039621BD2E9E005AC35C /* OrderedSymbolTable.hpp */,
			);
			path = OrderedSymbolTable;
			sourceTree = "<group>";
		};
		E5E203D021C659AF005AC35C /* Graph */ = {
			isa = PBXGroup;
			children = (
				E5E203D121C659BC005AC35C /* UndirectedGraph */,
				E5E203D221C659CC005AC35C /* DirectedGraph */,
				E5E203D321C659D5005AC35C /* MinimumSpanningTree */,
				E5E203D421C65A0D005AC35C /* ShortestPath */,
			);
			path = Graph;
			sourceTree = "<group>";
		};
		E5E203D121C659BC005AC35C /* UndirectedGraph */ = {
			isa = PBXGroup;
			children = (
				E51289C921CCA03200D96D93 /* Graph */,
				E51289CC21CCA07E00D96D93 /* Search */,
				E51289CD21CCA09600D96D93 /* Path */,
				E51289CE21CCA0B200D96D93 /* Connected */,
				E51289CF21CCA0DA00D96D93 /* Symbol */,
			);
			path = UndirectedGraph;
			sourceTree = "<group>";
		};
		E5E203D221C659CC005AC35C /* DirectedGraph */ = {
			isa = PBXGroup;
			children = (
				E51289EB21D0E5A400D96D93 /* Digraph */,
				E51289EC21D0E5AF00D96D93 /* Search */,
				E51289ED21D0E5BC00D96D93 /* Path */,
				E51289EE21D0E5CF00D96D93 /* Connected */,
			);
			path = DirectedGraph;
			sourceTree = "<group>";
		};
		E5E203D321C659D5005AC35C /* MinimumSpanningTree */ = {
			isa = PBXGroup;
			children = (
				E51289EF21D1F1F800D96D93 /* Edge.cpp */,
				E51289F021D1F1F800D96D93 /* Edge.hpp */,
				E51289F221D2051200D96D93 /* EdgeWeightedGraph.cpp */,
				E51289F321D2051200D96D93 /* EdgeWeightedGraph.hpp */,
				E51289F521D2502100D96D93 /* LazyPrimMST.cpp */,
				E51289F621D2502100D96D93 /* LazyPrimMST.hpp */,
				E51289F821D2503000D96D93 /* EagerPrimMST.cpp */,
				E51289F921D2503000D96D93 /* EagerPrimMST.hpp */,
				E51289FB21D2504700D96D93 /* KruskalPrimMST.cpp */,
				E51289FC21D2504700D96D93 /* KruskalPrimMST.hpp */,
			);
			path = MinimumSpanningTree;
			sourceTree = "<group>";
		};
		E5E203D421C65A0D005AC35C /* ShortestPath */ = {
			isa = PBXGroup;
			children = (
				E5128A2821E10A9B00D96D93 /* EdgeWeightedGraph */,
				E5128A2921E10AD700D96D93 /* Dijkstra */,
				E5128A2A21E10AE700D96D93 /* Connected */,
				E5128A2B21E10AF500D96D93 /* Acyclic */,
				E5128A2C21E10B1400D96D93 /* CPM */,
				E5128A2D21E10B1E00D96D93 /* BellmanFordSP */,
			);
			path = ShortestPath;
			sourceTree = "<group>";
		};
/* End PBXGroup section */

/* Begin PBXNativeTarget section */
		E519C88321A4165D00EACA3C /* Demo */ = {
			isa = PBXNativeTarget;
			buildConfigurationList = E519C88B21A4165D00EACA3C /* Build configuration list for PBXNativeTarget "Demo" */;
			buildPhases = (
				E519C88021A4165D00EACA3C /* Sources */,
				E519C88121A4165D00EACA3C /* Frameworks */,
				E519C88221A4165D00EACA3C /* CopyFiles */,
			);
			buildRules = (
			);
			dependencies = (
			);
			name = Demo;
			productName = Demo;
			productReference = E519C88421A4165D00EACA3C /* Demo */;
			productType = "com.apple.product-type.tool";
		};
/* End PBXNativeTarget section */

/* Begin PBXProject section */
		E519C87C21A4165C00EACA3C /* Project object */ = {
			isa = PBXProject;
			attributes = {
				LastUpgradeCheck = 1000;
				ORGANIZATIONNAME = Techmaster;
				TargetAttributes = {
					E519C88321A4165D00EACA3C = {
						CreatedOnToolsVersion = 10.0;
					};
				};
			};
			buildConfigurationList = E519C87F21A4165D00EACA3C /* Build configuration list for PBXProject "Demo" */;
			compatibilityVersion = "Xcode 9.3";
			developmentRegion = en;
			hasScannedForEncodings = 0;
			knownRegions = (
				en,
			);
			mainGroup = E519C87B21A4165C00EACA3C;
			productRefGroup = E519C88521A4165D00EACA3C /* Products */;
			projectDirPath = "";
			projectRoot = "";
			targets = (
				E519C88321A4165D00EACA3C /* Demo */,
			);
		};
/* End PBXProject section */

/* Begin PBXSourcesBuildPhase section */
		E519C88021A4165D00EACA3C /* Sources */ = {
			isa = PBXSourcesBuildPhase;
			buildActionMask = 2147483647;
			files = (
				E5128A0F21DCCAB900D96D93 /* CPM.cpp in Sources */,
				E57DCBAF21C96F8400C7FF84 /* BFP.cpp in Sources */,
				E5128A1221DCCAC500D96D93 /* BellmanFordSP.cpp in Sources */,
				E5E203D721C9476F005AC35C /* Graph.cpp in Sources */,
				E51289FA21D2503000D96D93 /* EagerPrimMST.cpp in Sources */,
				E564068D21ABEE84004236BB /* EvaluateExpression.cpp in Sources */,
				E51289F721D2502100D96D93 /* LazyPrimMST.cpp in Sources */,
				E51D246D21ECEED400800E53 /* Expression.cpp in Sources */,
				E51289DB21CE92D600D96D93 /* BFDirectedPath.cpp in Sources */,
				E51289E421D0CC5A00D96D93 /* Topological.cpp in Sources */,
				E57DCBA321C956F400C7FF84 /* BFS.cpp in Sources */,
				E51289E721D0D5FB00D96D93 /* KosarajuSCC.cpp in Sources */,
				E5128A4F21E89F5000D96D93 /* BFSubString.cpp in Sources */,
				E51289D221CE3F8700D96D93 /* Digraph.cpp in Sources */,
				E5128A5821E8A9D000D96D93 /* ABFSubString.cpp in Sources */,
				E5128A3821E10B7E00D96D93 /* MSD.cpp in Sources */,
				E5128A2421DCFE7500D96D93 /* DirectedCycleEDW.cpp in Sources */,
				E51289FD21D2504700D96D93 /* KruskalPrimMST.cpp in Sources */,
				E51289F121D1F1F800D96D93 /* Edge.cpp in Sources */,
				E5874BB821CABF900098F5DF /* SymbolGraph.cpp in Sources */,
				E5C3AB9821CA63FD00D764C4 /* UFConnected.cpp in Sources */,
				E5128A2121DCFE0700D96D93 /* TopologicalEDW.cpp in Sources */,
				E51289D821CE8EBE00D96D93 /* DFDirectedPath.cpp in Sources */,
				E57DCBAC21C96F7900C7FF84 /* DFP.cpp in Sources */,
				E5128A3B21E10BA000D96D93 /* QuickSortString.cpp in Sources */,
				E51FA71321B3DEA400B54B20 /* UnionFind.cpp in Sources */,
				E5128A2721DCFE8900D96D93 /* DFOrderEDW.cpp in Sources */,
				E5128A3221E10B6700D96D93 /* Alphabet.cpp in Sources */,
				E57DCBA021C956EC00C7FF84 /* DFS.cpp in Sources */,
				E519C88821A4165D00EACA3C /* main.cpp in Sources */,
				E51289DE21CE941B00D96D93 /* DirectedCycle.cpp in Sources */,
				E51289D521CE8B3E00D96D93 /* DirectedDFS.cpp in Sources */,
				E51315AE21A98BB100E12DEB /* FileManager.cpp in Sources */,
				E5128A3521E10B7500D96D93 /* LSD.cpp in Sources */,
				E5128A0021DCCA7500D96D93 /* DirectedEdge.cpp in Sources */,
				E5C3AB9521CA63EF00D764C4 /* DFSConnected.cpp in Sources */,
				E51FA73221B571FF00B54B20 /* Item.cpp in Sources */,
				E5128A1821DCCAF600D96D93 /* AcyclicLP.cpp in Sources */,
				E51289F421D2051200D96D93 /* EdgeWeightedGraph.cpp in Sources */,
				E51289E121D0C95400D96D93 /* DFOrder.cpp in Sources */,
				E5128A0621DCCA9700D96D93 /* DijkstraSP.cpp in Sources */,
				E51FA71621B3F8DE00B54B20 /* QuickUnion.cpp in Sources */,
				E5128A5521E89F6F00D96D93 /* BMSubString.cpp in Sources */,
				E57DCBA921C9609600C7FF84 /* UFS.cpp in Sources */,
				E5128A5221E89F5C00D96D93 /* KMPSubString.cpp in Sources */,
				E5874BB521CAB4450098F5DF /* TwoColors.cpp in Sources */,
				E51D246721EBBDD000800E53 /* NFA.cpp in Sources */,
				E5128A0C21DCCAB000D96D93 /* AcylicSP.cpp in Sources */,
				E5128A0921DCCAA400D96D93 /* DijkstraAllPairsSP.cpp in Sources */,
				E5874BBB21CABFB60098F5DF /* DegreesOfSeparation.cpp in Sources */,
				E5128A1521DCCAE100D96D93 /* Arbitrage.cpp in Sources */,
				E51FA71921B3FA8C00B54B20 /* WeightedUnion.cpp in Sources */,
				E5128A0321DCCA8400D96D93 /* EdgeWeightedDigraph.cpp in Sources */,
				E5874BB221CAB43A0098F5DF /* Cycle.cpp in Sources */,
				E51D246A21EC71F000800E53 /* Operator.cpp in Sources */,
				E51289EA21D0E1C100D96D93 /* TransitiveClosure.cpp in Sources */,
			);
			runOnlyForDeploymentPostprocessing = 0;
		};
/* End PBXSourcesBuildPhase section */

/* Begin XCBuildConfiguration section */
		E519C88921A4165D00EACA3C /* Debug */ = {
			isa = XCBuildConfiguration;
			buildSettings = {
				ALWAYS_SEARCH_USER_PATHS = NO;
				CLANG_ANALYZER_NONNULL = YES;
				CLANG_ANALYZER_NUMBER_OBJECT_CONVERSION = YES_AGGRESSIVE;
				CLANG_CXX_LANGUAGE_STANDARD = "gnu++14";
				CLANG_CXX_LIBRARY = "libc++";
				CLANG_ENABLE_MODULES = YES;
				CLANG_ENABLE_OBJC_ARC = YES;
				CLANG_ENABLE_OBJC_WEAK = YES;
				CLANG_WARN_BLOCK_CAPTURE_AUTORELEASING = YES;
				CLANG_WARN_BOOL_CONVERSION = YES;
				CLANG_WARN_COMMA = YES;
				CLANG_WARN_CONSTANT_CONVERSION = YES;
				CLANG_WARN_DEPRECATED_OBJC_IMPLEMENTATIONS = YES;
				CLANG_WARN_DIRECT_OBJC_ISA_USAGE = YES_ERROR;
				CLANG_WARN_DOCUMENTATION_COMMENTS = YES;
				CLANG_WARN_EMPTY_BODY = YES;
				CLANG_WARN_ENUM_CONVERSION = YES;
				CLANG_WARN_INFINITE_RECURSION = YES;
				CLANG_WARN_INT_CONVERSION = YES;
				CLANG_WARN_NON_LITERAL_NULL_CONVERSION = YES;
				CLANG_WARN_OBJC_IMPLICIT_RETAIN_SELF = YES;
				CLANG_WARN_OBJC_LITERAL_CONVERSION = YES;
				CLANG_WARN_OBJC_ROOT_CLASS = YES_ERROR;
				CLANG_WARN_RANGE_LOOP_ANALYSIS = YES;
				CLANG_WARN_STRICT_PROTOTYPES = YES;
				CLANG_WARN_SUSPICIOUS_MOVE = YES;
				CLANG_WARN_UNGUARDED_AVAILABILITY = YES_AGGRESSIVE;
				CLANG_WARN_UNREACHABLE_CODE = YES;
				CLANG_WARN__DUPLICATE_METHOD_MATCH = YES;
				CODE_SIGN_IDENTITY = "-";
				COPY_PHASE_STRIP = NO;
				DEBUG_INFORMATION_FORMAT = dwarf;
				ENABLE_STRICT_OBJC_MSGSEND = YES;
				ENABLE_TESTABILITY = YES;
				GCC_C_LANGUAGE_STANDARD = gnu11;
				GCC_DYNAMIC_NO_PIC = NO;
				GCC_NO_COMMON_BLOCKS = YES;
				GCC_OPTIMIZATION_LEVEL = 0;
				GCC_PREPROCESSOR_DEFINITIONS = (
					"DEBUG=1",
					"$(inherited)",
				);
				GCC_WARN_64_TO_32_BIT_CONVERSION = YES;
				GCC_WARN_ABOUT_RETURN_TYPE = YES_ERROR;
				GCC_WARN_UNDECLARED_SELECTOR = YES;
				GCC_WARN_UNINITIALIZED_AUTOS = YES_AGGRESSIVE;
				GCC_WARN_UNUSED_FUNCTION = YES;
				GCC_WARN_UNUSED_VARIABLE = YES;
				MACOSX_DEPLOYMENT_TARGET = 10.13;
				MTL_ENABLE_DEBUG_INFO = INCLUDE_SOURCE;
				MTL_FAST_MATH = YES;
				ONLY_ACTIVE_ARCH = YES;
				SDKROOT = macosx;
			};
			name = Debug;
		};
		E519C88A21A4165D00EACA3C /* Release */ = {
			isa = XCBuildConfiguration;
			buildSettings = {
				ALWAYS_SEARCH_USER_PATHS = NO;
				CLANG_ANALYZER_NONNULL = YES;
				CLANG_ANALYZER_NUMBER_OBJECT_CONVERSION = YES_AGGRESSIVE;
				CLANG_CXX_LANGUAGE_STANDARD = "gnu++14";
				CLANG_CXX_LIBRARY = "libc++";
				CLANG_ENABLE_MODULES = YES;
				CLANG_ENABLE_OBJC_ARC = YES;
				CLANG_ENABLE_OBJC_WEAK = YES;
				CLANG_WARN_BLOCK_CAPTURE_AUTORELEASING = YES;
				CLANG_WARN_BOOL_CONVERSION = YES;
				CLANG_WARN_COMMA = YES;
				CLANG_WARN_CONSTANT_CONVERSION = YES;
				CLANG_WARN_DEPRECATED_OBJC_IMPLEMENTATIONS = YES;
				CLANG_WARN_DIRECT_OBJC_ISA_USAGE = YES_ERROR;
				CLANG_WARN_DOCUMENTATION_COMMENTS = YES;
				CLANG_WARN_EMPTY_BODY = YES;
				CLANG_WARN_ENUM_CONVERSION = YES;
				CLANG_WARN_INFINITE_RECURSION = YES;
				CLANG_WARN_INT_CONVERSION = YES;
				CLANG_WARN_NON_LITERAL_NULL_CONVERSION = YES;
				CLANG_WARN_OBJC_IMPLICIT_RETAIN_SELF = YES;
				CLANG_WARN_OBJC_LITERAL_CONVERSION = YES;
				CLANG_WARN_OBJC_ROOT_CLASS = YES_ERROR;
				CLANG_WARN_RANGE_LOOP_ANALYSIS = YES;
				CLANG_WARN_STRICT_PROTOTYPES = YES;
				CLANG_WARN_SUSPICIOUS_MOVE = YES;
				CLANG_WARN_UNGUARDED_AVAILABILITY = YES_AGGRESSIVE;
				CLANG_WARN_UNREACHABLE_CODE = YES;
				CLANG_WARN__DUPLICATE_METHOD_MATCH = YES;
				CODE_SIGN_IDENTITY = "-";
				COPY_PHASE_STRIP = NO;
				DEBUG_INFORMATION_FORMAT = "dwarf-with-dsym";
				ENABLE_NS_ASSERTIONS = NO;
				ENABLE_STRICT_OBJC_MSGSEND = YES;
				GCC_C_LANGUAGE_STANDARD = gnu11;
				GCC_NO_COMMON_BLOCKS = YES;
				GCC_WARN_64_TO_32_BIT_CONVERSION = YES;
				GCC_WARN_ABOUT_RETURN_TYPE = YES_ERROR;
				GCC_WARN_UNDECLARED_SELECTOR = YES;
				GCC_WARN_UNINITIALIZED_AUTOS = YES_AGGRESSIVE;
				GCC_WARN_UNUSED_FUNCTION = YES;
				GCC_WARN_UNUSED_VARIABLE = YES;
				MACOSX_DEPLOYMENT_TARGET = 10.13;
				MTL_ENABLE_DEBUG_INFO = NO;
				MTL_FAST_MATH = YES;
				SDKROOT = macosx;
			};
			name = Release;
		};
		E519C88C21A4165D00EACA3C /* Debug */ = {
			isa = XCBuildConfiguration;
			buildSettings = {
				CODE_SIGN_STYLE = Automatic;
				PRODUCT_NAME = "$(TARGET_NAME)";
			};
			name = Debug;
		};
		E519C88D21A4165D00EACA3C /* Release */ = {
			isa = XCBuildConfiguration;
			buildSettings = {
				CODE_SIGN_STYLE = Automatic;
				PRODUCT_NAME = "$(TARGET_NAME)";
			};
			name = Release;
		};
/* End XCBuildConfiguration section */

/* Begin XCConfigurationList section */
		E519C87F21A4165D00EACA3C /* Build configuration list for PBXProject "Demo" */ = {
			isa = XCConfigurationList;
			buildConfigurations = (
				E519C88921A4165D00EACA3C /* Debug */,
				E519C88A21A4165D00EACA3C /* Release */,
			);
			defaultConfigurationIsVisible = 0;
			defaultConfigurationName = Release;
		};
		E519C88B21A4165D00EACA3C /* Build configuration list for PBXNativeTarget "Demo" */ = {
			isa = XCConfigurationList;
			buildConfigurations = (
				E519C88C21A4165D00EACA3C /* Debug */,
				E519C88D21A4165D00EACA3C /* Release */,
			);
			defaultConfigurationIsVisible = 0;
			defaultConfigurationName = Release;
		};
/* End XCConfigurationList section */
	};
	rootObject = E519C87C21A4165C00EACA3C /* Project object */;
}
